
Microsoft Visual Studio Solution File, Format Version 12.00
# Visual Studio 2013
VisualStudioVersion = 12.0.40629.0
MinimumVisualStudioVersion = 10.0.40219.1
Project("{FAE04EC0-301F-11D3-BF4B-00C04F79EFBC}") = "LibraryManagement-Beta", "LibraryManagement-Beta\LibraryManagement-Beta.csproj", "{2E60A96A-2DC0-4CB0-AADC-2A7B6B33A2C7}"
EndProject
Global
	GlobalSection(SolutionConfigurationPlatforms) = preSolution
		Debug|Any CPU = Debug|Any CPU
		Release|Any CPU = Release|Any CPU
	EndGlobalSection
	GlobalSection(ProjectConfigurationPlatforms) = postSolution
		{2E60A96A-2DC0-4CB0-AADC-2A7B6B33A2C7}.Debug|Any CPU.ActiveCfg = Debug|Any CPU
		{2E60A96A-2DC0-4CB0-AADC-2A7B6B33A2C7}.Debug|Any CPU.Build.0 = Debug|Any CPU
		{2E60A96A-2DC0-4CB0-AADC-2A7B6B33A2C7}.Release|Any CPU.ActiveCfg = Release|Any CPU
		{2E60A96A-2DC0-4CB0-AADC-2A7B6B33A2C7}.Release|Any CPU.Build.0 = Release|Any CPU
	EndGlobalSection
	GlobalSection(SolutionProperties) = preSolution
		HideSolutionNode = FALSE
	EndGlobalSection
EndGlobal
